
Microsoft Visual Studio Solution File, Format Version 12.00
# Visual Studio Version 17
VisualStudioVersion = 17.11.35303.130
MinimumVisualStudioVersion = 10.0.40219.1
Project("{FAE04EC0-301F-11D3-BF4B-00C04F79EFBC}") = "Lab7", "Lab7.csproj", "{82524AA4-F92D-45A5-9FCE-6F0276F7B71D}"
EndProject
Global
	GlobalSection(SolutionConfigurationPlatforms) = preSolution
		Debug|Any CPU = Debug|Any CPU
		Release|Any CPU = Release|Any CPU
	EndGlobalSection
	GlobalSection(ProjectConfigurationPlatforms) = postSolution
		{82524AA4-F92D-45A5-9FCE-6F0276F7B71D}.Debug|Any CPU.ActiveCfg = Debug|Any CPU
		{82524AA4-F92D-45A5-9FCE-6F0276F7B71D}.Debug|Any CPU.Build.0 = Debug|Any CPU
		{82524AA4-F92D-45A5-9FCE-6F0276F7B71D}.Release|Any CPU.ActiveCfg = Release|Any CPU
		{82524AA4-F92D-45A5-9FCE-6F0276F7B71D}.Release|Any CPU.Build.0 = Release|Any CPU
	EndGlobalSection
	GlobalSection(SolutionProperties) = preSolution
		HideSolutionNode = FALSE
	EndGlobalSection
	GlobalSection(ExtensibilityGlobals) = postSolution
		SolutionGuid = {4DE28BDE-A9AA-4878-BE91-C91AEAC0E99C}
	EndGlobalSection
EndGlobal
